
Microsoft Visual Studio Solution File, Format Version 12.00
# Visual Studio Version 16
VisualStudioVersion = 16.0.30907.101
MinimumVisualStudioVersion = 10.0.40219.1
Project("{FAE04EC0-301F-11D3-BF4B-00C04F79EFBC}") = "Wallet", "Wallet\Wallet.csproj", "{9DC1955A-975B-42B9-9DDE-202361CEE9A6}"
EndProject
Project("{2150E333-8FDC-42A3-9474-1A3956D46DE8}") = "Tests", "Tests", "{9DC58D4D-0129-4F4A-8D1A-79740F7D6980}"
EndProject
Project("{FAE04EC0-301F-11D3-BF4B-00C04F79EFBC}") = "Tests Wallet", "Tests Wallet\Tests Wallet.csproj", "{C7533904-D458-4E4A-8A9F-5F2435FB48E5}"
EndProject
Global
	GlobalSection(SolutionConfigurationPlatforms) = preSolution
		Debug|Any CPU = Debug|Any CPU
		Release|Any CPU = Release|Any CPU
	EndGlobalSection
	GlobalSection(ProjectConfigurationPlatforms) = postSolution
		{9DC1955A-975B-42B9-9DDE-202361CEE9A6}.Debug|Any CPU.ActiveCfg = Debug|Any CPU
		{9DC1955A-975B-42B9-9DDE-202361CEE9A6}.Debug|Any CPU.Build.0 = Debug|Any CPU
		{9DC1955A-975B-42B9-9DDE-202361CEE9A6}.Release|Any CPU.ActiveCfg = Release|Any CPU
		{9DC1955A-975B-42B9-9DDE-202361CEE9A6}.Release|Any CPU.Build.0 = Release|Any CPU
		{C7533904-D458-4E4A-8A9F-5F2435FB48E5}.Debug|Any CPU.ActiveCfg = Debug|Any CPU
		{C7533904-D458-4E4A-8A9F-5F2435FB48E5}.Debug|Any CPU.Build.0 = Debug|Any CPU
		{C7533904-D458-4E4A-8A9F-5F2435FB48E5}.Release|Any CPU.ActiveCfg = Release|Any CPU
		{C7533904-D458-4E4A-8A9F-5F2435FB48E5}.Release|Any CPU.Build.0 = Release|Any CPU
	EndGlobalSection
	GlobalSection(SolutionProperties) = preSolution
		HideSolutionNode = FALSE
	EndGlobalSection
	GlobalSection(NestedProjects) = preSolution
		{C7533904-D458-4E4A-8A9F-5F2435FB48E5} = {9DC58D4D-0129-4F4A-8D1A-79740F7D6980}
	EndGlobalSection
	GlobalSection(ExtensibilityGlobals) = postSolution
		SolutionGuid = {E508F002-EE08-4681-BCBA-F4004249DE57}
	EndGlobalSection
EndGlobal
